// !$*UTF8*$!
{
	archiveVersion = 1;
	classes = {
	};
	objectVersion = 46;
	objects = {

/* Begin PBXBuildFile section */
		FC13631D183534A4007198E2 /* Foundation.framework in Frameworks */ = {isa = PBXBuildFile; fileRef = FC13631C183534A4007198E2 /* Foundation.framework */; };
		FC136322183534A4007198E2 /* NCTransformXmlBean.h in CopyFiles */ = {isa = PBXBuildFile; fileRef = FC136321183534A4007198E2 /* NCTransformXmlBean.h */; };
		FC136324183534A4007198E2 /* NCTransformXmlBean.m in Sources */ = {isa = PBXBuildFile; fileRef = FC136323183534A4007198E2 /* NCTransformXmlBean.m */; };
		FC136349183535AA007198E2 /* Foundation.framework in Frameworks */ = {isa = PBXBuildFile; fileRef = FC13631C183534A4007198E2 /* Foundation.framework */; };
		FC13634B183535AA007198E2 /* CoreGraphics.framework in Frameworks */ = {isa = PBXBuildFile; fileRef = FC13634A183535AA007198E2 /* CoreGraphics.framework */; };
		FC13634C183535AA007198E2 /* UIKit.framework in Frameworks */ = {isa = PBXBuildFile; fileRef = FC13632D183534A4007198E2 /* UIKit.framework */; };
		FC136352183535AA007198E2 /* InfoPlist.strings in Resources */ = {isa = PBXBuildFile; fileRef = FC136350183535AA007198E2 /* InfoPlist.strings */; };
		FC136354183535AA007198E2 /* main.m in Sources */ = {isa = PBXBuildFile; fileRef = FC136353183535AA007198E2 /* main.m */; };
		FC13635A183535AA007198E2 /* Images.xcassets in Resources */ = {isa = PBXBuildFile; fileRef = FC136359183535AA007198E2 /* Images.xcassets */; };
		FC136376183535DE007198E2 /* GHUnitIOS.framework in Frameworks */ = {isa = PBXBuildFile; fileRef = FC136375183535DE007198E2 /* GHUnitIOS.framework */; };
		FC1363791835367B007198E2 /* NCXmlTest.m in Sources */ = {isa = PBXBuildFile; fileRef = FC1363781835367B007198E2 /* NCXmlTest.m */; };
/* End PBXBuildFile section */

/* Begin PBXCopyFilesBuildPhase section */
		FC136317183534A4007198E2 /* CopyFiles */ = {
			isa = PBXCopyFilesBuildPhase;
			buildActionMask = 2147483647;
			dstPath = "include/$(PRODUCT_NAME)";
			dstSubfolderSpec = 16;
			files = (
				FC136322183534A4007198E2 /* NCTransformXmlBean.h in CopyFiles */,
			);
			runOnlyForDeploymentPostprocessing = 0;
		};
/* End PBXCopyFilesBuildPhase section */

/* Begin PBXFileReference section */
		FC136319183534A4007198E2 /* libNCTransformXmlBean.a */ = {isa = PBXFileReference; explicitFileType = archive.ar; includeInIndex = 0; path = libNCTransformXmlBean.a; sourceTree = BUILT_PRODUCTS_DIR; };
		FC13631C183534A4007198E2 /* Foundation.framework */ = {isa = PBXFileReference; lastKnownFileType = wrapper.framework; name = Foundation.framework; path = System/Library/Frameworks/Foundation.framework; sourceTree = SDKROOT; };
		FC136320183534A4007198E2 /* NCTransformXmlBean-Prefix.pch */ = {isa = PBXFileReference; lastKnownFileType = sourcecode.c.h; path = "NCTransformXmlBean-Prefix.pch"; sourceTree = "<group>"; };
		FC136321183534A4007198E2 /* NCTransformXmlBean.h */ = {isa = PBXFileReference; lastKnownFileType = sourcecode.c.h; path = NCTransformXmlBean.h; sourceTree = "<group>"; };
		FC136323183534A4007198E2 /* NCTransformXmlBean.m */ = {isa = PBXFileReference; lastKnownFileType = sourcecode.c.objc; path = NCTransformXmlBean.m; sourceTree = "<group>"; };
		FC13632A183534A4007198E2 /* XCTest.framework */ = {isa = PBXFileReference; lastKnownFileType = wrapper.framework; name = XCTest.framework; path = Library/Frameworks/XCTest.framework; sourceTree = DEVELOPER_DIR; };
		FC13632D183534A4007198E2 /* UIKit.framework */ = {isa = PBXFileReference; lastKnownFileType = wrapper.framework; name = UIKit.framework; path = Library/Frameworks/UIKit.framework; sourceTree = DEVELOPER_DIR; };
		FC136348183535AA007198E2 /* Tests.app */ = {isa = PBXFileReference; explicitFileType = wrapper.application; includeInIndex = 0; path = Tests.app; sourceTree = BUILT_PRODUCTS_DIR; };
		FC13634A183535AA007198E2 /* CoreGraphics.framework */ = {isa = PBXFileReference; lastKnownFileType = wrapper.framework; name = CoreGraphics.framework; path = System/Library/Frameworks/CoreGraphics.framework; sourceTree = SDKROOT; };
		FC13634F183535AA007198E2 /* Tests-Info.plist */ = {isa = PBXFileReference; lastKnownFileType = text.plist.xml; path = "Tests-Info.plist"; sourceTree = "<group>"; };
		FC136351183535AA007198E2 /* en */ = {isa = PBXFileReference; lastKnownFileType = text.plist.strings; name = en; path = en.lproj/InfoPlist.strings; sourceTree = "<group>"; };
		FC136353183535AA007198E2 /* main.m */ = {isa = PBXFileReference; lastKnownFileType = sourcecode.c.objc; path = main.m; sourceTree = "<group>"; };
		FC136355183535AA007198E2 /* Tests-Prefix.pch */ = {isa = PBXFileReference; lastKnownFileType = sourcecode.c.h; path = "Tests-Prefix.pch"; sourceTree = "<group>"; };
		FC136359183535AA007198E2 /* Images.xcassets */ = {isa = PBXFileReference; lastKnownFileType = folder.assetcatalog; path = Images.xcassets; sourceTree = "<group>"; };
		FC136375183535DE007198E2 /* GHUnitIOS.framework */ = {isa = PBXFileReference; lastKnownFileType = wrapper.framework; path = GHUnitIOS.framework; sourceTree = "<group>"; };
		FC1363771835367B007198E2 /* NCXmlTest.h */ = {isa = PBXFileReference; fileEncoding = 4; lastKnownFileType = sourcecode.c.h; path = NCXmlTest.h; sourceTree = "<group>"; };
		FC1363781835367B007198E2 /* NCXmlTest.m */ = {isa = PBXFileReference; fileEncoding = 4; lastKnownFileType = sourcecode.c.objc; path = NCXmlTest.m; sourceTree = "<group>"; };
/* End PBXFileReference section */

/* Begin PBXFrameworksBuildPhase section */
		FC136316183534A4007198E2 /* Frameworks */ = {
			isa = PBXFrameworksBuildPhase;
			buildActionMask = 2147483647;
			files = (
				FC13631D183534A4007198E2 /* Foundation.framework in Frameworks */,
			);
			runOnlyForDeploymentPostprocessing = 0;
		};
		FC136345183535AA007198E2 /* Frameworks */ = {
			isa = PBXFrameworksBuildPhase;
			buildActionMask = 2147483647;
			files = (
				FC13634B183535AA007198E2 /* CoreGraphics.framework in Frameworks */,
				FC136376183535DE007198E2 /* GHUnitIOS.framework in Frameworks */,
				FC13634C183535AA007198E2 /* UIKit.framework in Frameworks */,
				FC136349183535AA007198E2 /* Foundation.framework in Frameworks */,
			);
			runOnlyForDeploymentPostprocessing = 0;
		};
/* End PBXFrameworksBuildPhase section */

/* Begin PBXGroup section */
		FC136310183534A4007198E2 = {
			isa = PBXGroup;
			children = (
				FC13631E183534A4007198E2 /* NCTransformXmlBean */,
				FC13634D183535AA007198E2 /* Tests */,
				FC13631B183534A4007198E2 /* Frameworks */,
				FC13631A183534A4007198E2 /* Products */,
			);
			sourceTree = "<group>";
		};
		FC13631A183534A4007198E2 /* Products */ = {
			isa = PBXGroup;
			children = (
				FC136319183534A4007198E2 /* libNCTransformXmlBean.a */,
				FC136348183535AA007198E2 /* Tests.app */,
			);
			name = Products;
			sourceTree = "<group>";
		};
		FC13631B183534A4007198E2 /* Frameworks */ = {
			isa = PBXGroup;
			children = (
				FC136375183535DE007198E2 /* GHUnitIOS.framework */,
				FC13631C183534A4007198E2 /* Foundation.framework */,
				FC13632A183534A4007198E2 /* XCTest.framework */,
				FC13632D183534A4007198E2 /* UIKit.framework */,
				FC13634A183535AA007198E2 /* CoreGraphics.framework */,
			);
			name = Frameworks;
			sourceTree = "<group>";
		};
		FC13631E183534A4007198E2 /* NCTransformXmlBean */ = {
			isa = PBXGroup;
			children = (
				FC136321183534A4007198E2 /* NCTransformXmlBean.h */,
				FC136323183534A4007198E2 /* NCTransformXmlBean.m */,
				FC13631F183534A4007198E2 /* Supporting Files */,
			);
			path = NCTransformXmlBean;
			sourceTree = "<group>";
		};
		FC13631F183534A4007198E2 /* Supporting Files */ = {
			isa = PBXGroup;
			children = (
				FC136320183534A4007198E2 /* NCTransformXmlBean-Prefix.pch */,
			);
			name = "Supporting Files";
			sourceTree = "<group>";
		};
		FC13634D183535AA007198E2 /* Tests */ = {
			isa = PBXGroup;
			children = (
				FC136359183535AA007198E2 /* Images.xcassets */,
				FC13634E183535AA007198E2 /* Supporting Files */,
				FC1363771835367B007198E2 /* NCXmlTest.h */,
				FC1363781835367B007198E2 /* NCXmlTest.m */,
			);
			path = Tests;
			sourceTree = "<group>";
		};
		FC13634E183535AA007198E2 /* Supporting Files */ = {
			isa = PBXGroup;
			children = (
				FC13634F183535AA007198E2 /* Tests-Info.plist */,
				FC136350183535AA007198E2 /* InfoPlist.strings */,
				FC136353183535AA007198E2 /* main.m */,
				FC136355183535AA007198E2 /* Tests-Prefix.pch */,
			);
			name = "Supporting Files";
			sourceTree = "<group>";
		};
/* End PBXGroup section */

/* Begin PBXNativeTarget section */
		FC136318183534A4007198E2 /* NCTransformXmlBean */ = {
			isa = PBXNativeTarget;
			buildConfigurationList = FC13633C183534A4007198E2 /* Build configuration list for PBXNativeTarget "NCTransformXmlBean" */;
			buildPhases = (
				FC136315183534A4007198E2 /* Sources */,
				FC136316183534A4007198E2 /* Frameworks */,
				FC136317183534A4007198E2 /* CopyFiles */,
			);
			buildRules = (
			);
			dependencies = (
			);
			name = NCTransformXmlBean;
			productName = NCTransformXmlBean;
			productReference = FC136319183534A4007198E2 /* libNCTransformXmlBean.a */;
			productType = "com.apple.product-type.library.static";
		};
		FC136347183535AA007198E2 /* Tests */ = {
			isa = PBXNativeTarget;
			buildConfigurationList = FC13636D183535AA007198E2 /* Build configuration list for PBXNativeTarget "Tests" */;
			buildPhases = (
				FC136344183535AA007198E2 /* Sources */,
				FC136345183535AA007198E2 /* Frameworks */,
				FC136346183535AA007198E2 /* Resources */,
			);
			buildRules = (
			);
			dependencies = (
			);
			name = Tests;
			productName = Tests;
			productReference = FC136348183535AA007198E2 /* Tests.app */;
			productType = "com.apple.product-type.application";
		};
/* End PBXNativeTarget section */

/* Begin PBXProject section */
		FC136311183534A4007198E2 /* Project object */ = {
			isa = PBXProject;
			attributes = {
				LastUpgradeCheck = 0500;
				ORGANIZATIONNAME = Nan.Chen;
			};
			buildConfigurationList = FC136314183534A4007198E2 /* Build configuration list for PBXProject "NCTransformXmlBean" */;
			compatibilityVersion = "Xcode 3.2";
			developmentRegion = English;
			hasScannedForEncodings = 0;
			knownRegions = (
				en,
			);
			mainGroup = FC136310183534A4007198E2;
			productRefGroup = FC13631A183534A4007198E2 /* Products */;
			projectDirPath = "";
			projectRoot = "";
			targets = (
				FC136318183534A4007198E2 /* NCTransformXmlBean */,
				FC136347183535AA007198E2 /* Tests */,
			);
		};
/* End PBXProject section */

/* Begin PBXResourcesBuildPhase section */
		FC136346183535AA007198E2 /* Resources */ = {
			isa = PBXResourcesBuildPhase;
			buildActionMask = 2147483647;
			files = (
				FC136352183535AA007198E2 /* InfoPlist.strings in Resources */,
				FC13635A183535AA007198E2 /* Images.xcassets in Resources */,
			);
			runOnlyForDeploymentPostprocessing = 0;
		};
/* End PBXResourcesBuildPhase section */

/* Begin PBXSourcesBuildPhase section */
		FC136315183534A4007198E2 /* Sources */ = {
			isa = PBXSourcesBuildPhase;
			buildActionMask = 2147483647;
			files = (
				FC136324183534A4007198E2 /* NCTransformXmlBean.m in Sources */,
			);
			runOnlyForDeploymentPostprocessing = 0;
		};
		FC136344183535AA007198E2 /* Sources */ = {
			isa = PBXSourcesBuildPhase;
			buildActionMask = 2147483647;
			files = (
				FC1363791835367B007198E2 /* NCXmlTest.m in Sources */,
				FC136354183535AA007198E2 /* main.m in Sources */,
			);
			runOnlyForDeploymentPostprocessing = 0;
		};
/* End PBXSourcesBuildPhase section */

/* Begin PBXVariantGroup section */
		FC136350183535AA007198E2 /* InfoPlist.strings */ = {
			isa = PBXVariantGroup;
			children = (
				FC136351183535AA007198E2 /* en */,
			);
			name = InfoPlist.strings;
			sourceTree = "<group>";
		};
/* End PBXVariantGroup section */

/* Begin XCBuildConfiguration section */
		FC13633A183534A4007198E2 /* Debug */ = {
			isa = XCBuildConfiguration;
			buildSettings = {
				ALWAYS_SEARCH_USER_PATHS = NO;
				ARCHS = "$(ARCHS_STANDARD_INCLUDING_64_BIT)";
				CLANG_CXX_LANGUAGE_STANDARD = "gnu++0x";
				CLANG_CXX_LIBRARY = "libc++";
				CLANG_ENABLE_MODULES = YES;
				CLANG_ENABLE_OBJC_ARC = YES;
				CLANG_WARN_BOOL_CONVERSION = YES;
				CLANG_WARN_CONSTANT_CONVERSION = YES;
				CLANG_WARN_DIRECT_OBJC_ISA_USAGE = YES_ERROR;
				CLANG_WARN_EMPTY_BODY = YES;
				CLANG_WARN_ENUM_CONVERSION = YES;
				CLANG_WARN_INT_CONVERSION = YES;
				CLANG_WARN_OBJC_ROOT_CLASS = YES_ERROR;
				CLANG_WARN__DUPLICATE_METHOD_MATCH = YES;
				COPY_PHASE_STRIP = NO;
				GCC_C_LANGUAGE_STANDARD = gnu99;
				GCC_DYNAMIC_NO_PIC = NO;
				GCC_OPTIMIZATION_LEVEL = 0;
				GCC_PREPROCESSOR_DEFINITIONS = (
					"DEBUG=1",
					"$(inherited)",
				);
				GCC_SYMBOLS_PRIVATE_EXTERN = NO;
				GCC_WARN_64_TO_32_BIT_CONVERSION = YES;
				GCC_WARN_ABOUT_RETURN_TYPE = YES_ERROR;
				GCC_WARN_UNDECLARED_SELECTOR = YES;
				GCC_WARN_UNINITIALIZED_AUTOS = YES;
				GCC_WARN_UNUSED_FUNCTION = YES;
				GCC_WARN_UNUSED_VARIABLE = YES;
				IPHONEOS_DEPLOYMENT_TARGET = 5.0;
				ONLY_ACTIVE_ARCH = YES;
				SDKROOT = iphoneos;
			};
			name = Debug;
		};
		FC13633B183534A4007198E2 /* Release */ = {
			isa = XCBuildConfiguration;
			buildSettings = {
				ALWAYS_SEARCH_USER_PATHS = NO;
				ARCHS = "$(ARCHS_STANDARD_INCLUDING_64_BIT)";
				CLANG_CXX_LANGUAGE_STANDARD = "gnu++0x";
				CLANG_CXX_LIBRARY = "libc++";
				CLANG_ENABLE_MODULES = YES;
				CLANG_ENABLE_OBJC_ARC = YES;
				CLANG_WARN_BOOL_CONVERSION = YES;
				CLANG_WARN_CONSTANT_CONVERSION = YES;
				CLANG_WARN_DIRECT_OBJC_ISA_USAGE = YES_ERROR;
				CLANG_WARN_EMPTY_BODY = YES;
				CLANG_WARN_ENUM_CONVERSION = YES;
				CLANG_WARN_INT_CONVERSION = YES;
				CLANG_WARN_OBJC_ROOT_CLASS = YES_ERROR;
				CLANG_WARN__DUPLICATE_METHOD_MATCH = YES;
				COPY_PHASE_STRIP = YES;
				ENABLE_NS_ASSERTIONS = NO;
				GCC_C_LANGUAGE_STANDARD = gnu99;
				GCC_WARN_64_TO_32_BIT_CONVERSION = YES;
				GCC_WARN_ABOUT_RETURN_TYPE = YES_ERROR;
				GCC_WARN_UNDECLARED_SELECTOR = YES;
				GCC_WARN_UNINITIALIZED_AUTOS = YES;
				GCC_WARN_UNUSED_FUNCTION = YES;
				GCC_WARN_UNUSED_VARIABLE = YES;
				IPHONEOS_DEPLOYMENT_TARGET = 5.0;
				SDKROOT = iphoneos;
				VALIDATE_PRODUCT = YES;
			};
			name = Release;
		};
		FC13633D183534A4007198E2 /* Debug */ = {
			isa = XCBuildConfiguration;
			buildSettings = {
				DSTROOT = /tmp/NCTransformXmlBean.dst;
				FRAMEWORK_SEARCH_PATHS = (
					"$(inherited)",
					/Users/clcnsy/Desktop/iPhone/NCTransformXmlBean,
				);
				GCC_PRECOMPILE_PREFIX_HEADER = YES;
				GCC_PREFIX_HEADER = "NCTransformXmlBean/NCTransformXmlBean-Prefix.pch";
				OTHER_LDFLAGS = "-ObjC";
				PRODUCT_NAME = "$(TARGET_NAME)";
				SKIP_INSTALL = YES;
			};
			name = Debug;
		};
		FC13633E183534A4007198E2 /* Release */ = {
			isa = XCBuildConfiguration;
			buildSettings = {
				DSTROOT = /tmp/NCTransformXmlBean.dst;
				FRAMEWORK_SEARCH_PATHS = (
					"$(inherited)",
					/Users/clcnsy/Desktop/iPhone/NCTransformXmlBean,
				);
				GCC_PRECOMPILE_PREFIX_HEADER = YES;
				GCC_PREFIX_HEADER = "NCTransformXmlBean/NCTransformXmlBean-Prefix.pch";
				OTHER_LDFLAGS = "-ObjC";
				PRODUCT_NAME = "$(TARGET_NAME)";
				SKIP_INSTALL = YES;
			};
			name = Release;
		};
		FC13636E183535AA007198E2 /* Debug */ = {
			isa = XCBuildConfiguration;
			buildSettings = {
				ARCHS = "$(ARCHS_STANDARD_INCLUDING_64_BIT)";
				ASSETCATALOG_COMPILER_APPICON_NAME = AppIcon;
				ASSETCATALOG_COMPILER_LAUNCHIMAGE_NAME = LaunchImage;
				"CODE_SIGN_IDENTITY[sdk=iphoneos*]" = "iPhone Developer";
				FRAMEWORK_SEARCH_PATHS = (
					"$(inherited)",
					"$(DEVELOPER_FRAMEWORKS_DIR)",
					/Users/clcnsy/Desktop/iPhone/NCTransformXmlBean,
				);
				GCC_PRECOMPILE_PREFIX_HEADER = YES;
				GCC_PREFIX_HEADER = "Tests/Tests-Prefix.pch";
				GCC_PREPROCESSOR_DEFINITIONS = (
					"DEBUG=1",
					"$(inherited)",
				);
				INFOPLIST_FILE = "Tests/Tests-Info.plist";
				OTHER_LDFLAGS = (
					"-all_load",
					"-ObjC",
				);
				PRODUCT_NAME = "$(TARGET_NAME)";
				WRAPPER_EXTENSION = app;
			};
			name = Debug;
		};
		FC13636F183535AA007198E2 /* Release */ = {
			isa = XCBuildConfiguration;
			buildSettings = {
				ARCHS = "$(ARCHS_STANDARD_INCLUDING_64_BIT)";
				ASSETCATALOG_COMPILER_APPICON_NAME = AppIcon;
				ASSETCATALOG_COMPILER_LAUNCHIMAGE_NAME = LaunchImage;
				"CODE_SIGN_IDENTITY[sdk=iphoneos*]" = "iPhone Developer";
				FRAMEWORK_SEARCH_PATHS = (
					"$(inherited)",
					"$(DEVELOPER_FRAMEWORKS_DIR)",
					/Users/clcnsy/Desktop/iPhone/NCTransformXmlBean,
				);
				GCC_PRECOMPILE_PREFIX_HEADER = YES;
				GCC_PREFIX_HEADER = "Tests/Tests-Prefix.pch";
				INFOPLIST_FILE = "Tests/Tests-Info.plist";
				OTHER_LDFLAGS = (
					"-all_load",
					"-ObjC",
				);
				PRODUCT_NAME = "$(TARGET_NAME)";
				WRAPPER_EXTENSION = app;
			};
			name = Release;
		};
/* End XCBuildConfiguration section */

/* Begin XCConfigurationList section */
		FC136314183534A4007198E2 /* Build configuration list for PBXProject "NCTransformXmlBean" */ = {
			isa = XCConfigurationList;
			buildConfigurations = (
				FC13633A183534A4007198E2 /* Debug */,
				FC13633B183534A4007198E2 /* Release */,
			);
			defaultConfigurationIsVisible = 0;
			defaultConfigurationName = Release;
		};
		FC13633C183534A4007198E2 /* Build configuration list for PBXNativeTarget "NCTransformXmlBean" */ = {
			isa = XCConfigurationList;
			buildConfigurations = (
				FC13633D183534A4007198E2 /* Debug */,
				FC13633E183534A4007198E2 /* Release */,
			);
			defaultConfigurationIsVisible = 0;
		};
		FC13636D183535AA007198E2 /* Build configuration list for PBXNativeTarget "Tests" */ = {
			isa = XCConfigurationList;
			buildConfigurations = (
				FC13636E183535AA007198E2 /* Debug */,
				FC13636F183535AA007198E2 /* Release */,
			);
			defaultConfigurationIsVisible = 0;
		};
/* End XCConfigurationList section */
	};
	rootObject = FC136311183534A4007198E2 /* Project object */;
}
